// !$*UTF8*$!
{
	archiveVersion = 1;
	classes = {
	};
	objectVersion = 46;
	objects = {

/* Begin PBXBuildFile section */
		20002E371B40404B00F390A2 /* AppVariables.swift in Sources */ = {isa = PBXBuildFile; fileRef = 20002E361B40404B00F390A2 /* AppVariables.swift */; };
		2001B7C91B359BD90029E2A6 /* PagedViewController.swift in Sources */ = {isa = PBXBuildFile; fileRef = 2001B7C81B359BD90029E2A6 /* PagedViewController.swift */; };
		2001B7CB1B359BF90029E2A6 /* MyScrollView.swift in Sources */ = {isa = PBXBuildFile; fileRef = 2001B7CA1B359BF90029E2A6 /* MyScrollView.swift */; };
		2001B7CD1B359C420029E2A6 /* Game.swift in Sources */ = {isa = PBXBuildFile; fileRef = 2001B7CC1B359C420029E2A6 /* Game.swift */; };
		2001B7CF1B359C610029E2A6 /* MyGameView.swift in Sources */ = {isa = PBXBuildFile; fileRef = 2001B7CE1B359C610029E2A6 /* MyGameView.swift */; };
		2001B7D11B359C850029E2A6 /* GameBoard.swift in Sources */ = {isa = PBXBuildFile; fileRef = 2001B7D01B359C850029E2A6 /* GameBoard.swift */; };
		2001B7D31B359C8D0029E2A6 /* GameBoardNew.swift in Sources */ = {isa = PBXBuildFile; fileRef = 2001B7D21B359C8D0029E2A6 /* GameBoardNew.swift */; };
		2001B7D51B359CAA0029E2A6 /* MyLayer.swift in Sources */ = {isa = PBXBuildFile; fileRef = 2001B7D41B359CAA0029E2A6 /* MyLayer.swift */; };
		2001B7D71B359CC20029E2A6 /* JoyStick.swift in Sources */ = {isa = PBXBuildFile; fileRef = 2001B7D61B359CC20029E2A6 /* JoyStick.swift */; };
		2001B7D91B359D820029E2A6 /* FirstPack.json in Resources */ = {isa = PBXBuildFile; fileRef = 2001B7D81B359D820029E2A6 /* FirstPack.json */; };
		2001B7DB1B359D8C0029E2A6 /* RegularPack.json in Resources */ = {isa = PBXBuildFile; fileRef = 2001B7DA1B359D8C0029E2A6 /* RegularPack.json */; };
		2001B7DD1B359D920029E2A6 /* BonusPack.json in Resources */ = {isa = PBXBuildFile; fileRef = 2001B7DC1B359D920029E2A6 /* BonusPack.json */; };
		2001B7DF1B359D990029E2A6 /* GreenPack.json in Resources */ = {isa = PBXBuildFile; fileRef = 2001B7DE1B359D990029E2A6 /* GreenPack.json */; };
		2001B7E31B35A09B0029E2A6 /* CoreAudio.framework in Frameworks */ = {isa = PBXBuildFile; fileRef = 2001B7E21B35A09B0029E2A6 /* CoreAudio.framework */; };
		2003035E1B31DE81003D55EA /* MyLabel.swift in Sources */ = {isa = PBXBuildFile; fileRef = 2003035D1B31DE81003D55EA /* MyLabel.swift */; };
		2005AE571B34744200D1DA36 /* MyButtonsView.swift in Sources */ = {isa = PBXBuildFile; fileRef = 2005AE561B34744200D1DA36 /* MyButtonsView.swift */; };
		200A75731B306EA700FA596A /* AppDelegate.swift in Sources */ = {isa = PBXBuildFile; fileRef = 200A75721B306EA700FA596A /* AppDelegate.swift */; };
		200A75761B306EA700FA596A /* JLines.xcdatamodeld in Sources */ = {isa = PBXBuildFile; fileRef = 200A75741B306EA700FA596A /* JLines.xcdatamodeld */; };
		200A75781B306EA700FA596A /* ViewController.swift in Sources */ = {isa = PBXBuildFile; fileRef = 200A75771B306EA700FA596A /* ViewController.swift */; };
		200A757B1B306EA700FA596A /* Main.storyboard in Resources */ = {isa = PBXBuildFile; fileRef = 200A75791B306EA700FA596A /* Main.storyboard */; };
		200A757D1B306EA700FA596A /* Images.xcassets in Resources */ = {isa = PBXBuildFile; fileRef = 200A757C1B306EA700FA596A /* Images.xcassets */; };
		200A75801B306EA700FA596A /* LaunchScreen.xib in Resources */ = {isa = PBXBuildFile; fileRef = 200A757E1B306EA700FA596A /* LaunchScreen.xib */; };
		200A758C1B306EA700FA596A /* JLinesTests.swift in Sources */ = {isa = PBXBuildFile; fileRef = 200A758B1B306EA700FA596A /* JLinesTests.swift */; };
		200A75961B306FBE00FA596A /* MyButton.swift in Sources */ = {isa = PBXBuildFile; fileRef = 200A75951B306FBE00FA596A /* MyButton.swift */; };
		200A75981B30700900FA596A /* Extensions.swift in Sources */ = {isa = PBXBuildFile; fileRef = 200A75971B30700900FA596A /* Extensions.swift */; };
		200A759A1B30703A00FA596A /* MyStructs.swift in Sources */ = {isa = PBXBuildFile; fileRef = 200A75991B30703A00FA596A /* MyStructs.swift */; };
		200A759C1B3070D000FA596A /* SettingsViewController.swift in Sources */ = {isa = PBXBuildFile; fileRef = 200A759B1B3070D000FA596A /* SettingsViewController.swift */; };
		200A75A01B3074F300FA596A /* ChooseColorViewController.swift in Sources */ = {isa = PBXBuildFile; fileRef = 200A759F1B3074F300FA596A /* ChooseColorViewController.swift */; };
		200A75A21B30751C00FA596A /* Accelerometer.swift in Sources */ = {isa = PBXBuildFile; fileRef = 200A75A11B30751C00FA596A /* Accelerometer.swift */; };
		200A75A41B30752E00FA596A /* Line.swift in Sources */ = {isa = PBXBuildFile; fileRef = 200A75A31B30752E00FA596A /* Line.swift */; };
		200A75A61B30754200FA596A /* Package.swift in Sources */ = {isa = PBXBuildFile; fileRef = 200A75A51B30754200FA596A /* Package.swift */; };
		200A75A81B30759800FA596A /* Language.swift in Sources */ = {isa = PBXBuildFile; fileRef = 200A75A71B30759800FA596A /* Language.swift */; };
		200A75AA1B3075AB00FA596A /* DataStore.swift in Sources */ = {isa = PBXBuildFile; fileRef = 200A75A91B3075AB00FA596A /* DataStore.swift */; };
		200A75AC1B3075C500FA596A /* DrawImages.swift in Sources */ = {isa = PBXBuildFile; fileRef = 200A75AB1B3075C500FA596A /* DrawImages.swift */; };
		200A75AE1B30762000FA596A /* GameStatus.swift in Sources */ = {isa = PBXBuildFile; fileRef = 200A75AD1B30762000FA596A /* GameStatus.swift */; };
		200A75B21B30768A00FA596A /* SwiftyJSON.swift in Sources */ = {isa = PBXBuildFile; fileRef = 200A75B11B30768A00FA596A /* SwiftyJSON.swift */; };
		200A75B41B3076CB00FA596A /* Point.swift in Sources */ = {isa = PBXBuildFile; fileRef = 200A75B31B3076CB00FA596A /* Point.swift */; };
		200A75B61B3076EA00FA596A /* Array2D.swift in Sources */ = {isa = PBXBuildFile; fileRef = 200A75B51B3076EA00FA596A /* Array2D.swift */; };
		200A75BC1B30972400FA596A /* hu.json in Resources */ = {isa = PBXBuildFile; fileRef = 200A75B81B30972400FA596A /* hu.json */; };
		200A75BD1B30972400FA596A /* ru.json in Resources */ = {isa = PBXBuildFile; fileRef = 200A75B91B30972400FA596A /* ru.json */; };
		200A75BE1B30972400FA596A /* de.json in Resources */ = {isa = PBXBuildFile; fileRef = 200A75BA1B30972400FA596A /* de.json */; };
		200A75BF1B30972400FA596A /* en.json in Resources */ = {isa = PBXBuildFile; fileRef = 200A75BB1B30972400FA596A /* en.json */; };
		200A75C11B309F0600FA596A /* PlayWithColorViewController.swift in Sources */ = {isa = PBXBuildFile; fileRef = 200A75C01B309F0600FA596A /* PlayWithColorViewController.swift */; };
		202CC60F1B4432310074D44A /* ChoosePlayViewController.swift in Sources */ = {isa = PBXBuildFile; fileRef = 202CC60E1B4432310074D44A /* ChoosePlayViewController.swift */; };
		202CC6111B4450890074D44A /* PlayWithPointsViewController.swift in Sources */ = {isa = PBXBuildFile; fileRef = 202CC6101B4450890074D44A /* PlayWithPointsViewController.swift */; };
		206BDB861B49861C00F909CB /* MySprite.swift in Sources */ = {isa = PBXBuildFile; fileRef = 206BDB851B49861C00F909CB /* MySprite.swift */; };
		20DED7731B382D7C00B4F098 /* MyColorChooseView.swift in Sources */ = {isa = PBXBuildFile; fileRef = 20DED7721B382D7C00B4F098 /* MyColorChooseView.swift */; };
		20F813451B53D3CB0046463A /* GameScene.swift in Sources */ = {isa = PBXBuildFile; fileRef = 20F813441B53D3CB0046463A /* GameScene.swift */; };
		20F813471B53D3DA0046463A /* SKButton.swift in Sources */ = {isa = PBXBuildFile; fileRef = 20F813461B53D3DA0046463A /* SKButton.swift */; };
		20F813491B53D3E50046463A /* PlayWithSpritesViewController.swift in Sources */ = {isa = PBXBuildFile; fileRef = 20F813481B53D3E50046463A /* PlayWithSpritesViewController.swift */; };
		20F8134B1B53F1F90046463A /* MySKNode.swift in Sources */ = {isa = PBXBuildFile; fileRef = 20F8134A1B53F1F90046463A /* MySKNode.swift */; };
		20FB88761B57CB30007843A2 /* LevelsForPlayWithSprites.json in Resources */ = {isa = PBXBuildFile; fileRef = 20FB88751B57B139007843A2 /* LevelsForPlayWithSprites.json */; };
/* End PBXBuildFile section */

/* Begin PBXContainerItemProxy section */
		200A75861B306EA700FA596A /* PBXContainerItemProxy */ = {
			isa = PBXContainerItemProxy;
			containerPortal = 200A75651B306EA700FA596A /* Project object */;
			proxyType = 1;
			remoteGlobalIDString = 200A756C1B306EA700FA596A;
			remoteInfo = JLines;
		};
/* End PBXContainerItemProxy section */

/* Begin PBXFileReference section */
		20002E311B403AC800F390A2 /* MyPlayground.playground */ = {isa = PBXFileReference; lastKnownFileType = file.playground; path = MyPlayground.playground; sourceTree = "<group>"; };
		20002E361B40404B00F390A2 /* AppVariables.swift */ = {isa = PBXFileReference; fileEncoding = 4; lastKnownFileType = sourcecode.swift; path = AppVariables.swift; sourceTree = "<group>"; };
		2001B7C81B359BD90029E2A6 /* PagedViewController.swift */ = {isa = PBXFileReference; fileEncoding = 4; lastKnownFileType = sourcecode.swift; path = PagedViewController.swift; sourceTree = "<group>"; };
		2001B7CA1B359BF90029E2A6 /* MyScrollView.swift */ = {isa = PBXFileReference; fileEncoding = 4; lastKnownFileType = sourcecode.swift; path = MyScrollView.swift; sourceTree = "<group>"; };
		2001B7CC1B359C420029E2A6 /* Game.swift */ = {isa = PBXFileReference; fileEncoding = 4; lastKnownFileType = sourcecode.swift; path = Game.swift; sourceTree = "<group>"; };
		2001B7CE1B359C610029E2A6 /* MyGameView.swift */ = {isa = PBXFileReference; fileEncoding = 4; lastKnownFileType = sourcecode.swift; path = MyGameView.swift; sourceTree = "<group>"; };
		2001B7D01B359C850029E2A6 /* GameBoard.swift */ = {isa = PBXFileReference; fileEncoding = 4; lastKnownFileType = sourcecode.swift; path = GameBoard.swift; sourceTree = "<group>"; };
		2001B7D21B359C8D0029E2A6 /* GameBoardNew.swift */ = {isa = PBXFileReference; fileEncoding = 4; lastKnownFileType = sourcecode.swift; path = GameBoardNew.swift; sourceTree = "<group>"; };
		2001B7D41B359CAA0029E2A6 /* MyLayer.swift */ = {isa = PBXFileReference; fileEncoding = 4; lastKnownFileType = sourcecode.swift; path = MyLayer.swift; sourceTree = "<group>"; };
		2001B7D61B359CC20029E2A6 /* JoyStick.swift */ = {isa = PBXFileReference; fileEncoding = 4; lastKnownFileType = sourcecode.swift; path = JoyStick.swift; sourceTree = "<group>"; };
		2001B7D81B359D820029E2A6 /* FirstPack.json */ = {isa = PBXFileReference; fileEncoding = 4; lastKnownFileType = text.json; path = FirstPack.json; sourceTree = "<group>"; };
		2001B7DA1B359D8C0029E2A6 /* RegularPack.json */ = {isa = PBXFileReference; fileEncoding = 4; lastKnownFileType = text.json; path = RegularPack.json; sourceTree = "<group>"; };
		2001B7DC1B359D920029E2A6 /* BonusPack.json */ = {isa = PBXFileReference; fileEncoding = 4; lastKnownFileType = text.json; path = BonusPack.json; sourceTree = "<group>"; };
		2001B7DE1B359D990029E2A6 /* GreenPack.json */ = {isa = PBXFileReference; fileEncoding = 4; lastKnownFileType = text.json; path = GreenPack.json; sourceTree = "<group>"; };
		2001B7E21B35A09B0029E2A6 /* CoreAudio.framework */ = {isa = PBXFileReference; lastKnownFileType = wrapper.framework; name = CoreAudio.framework; path = System/Library/Frameworks/CoreAudio.framework; sourceTree = SDKROOT; };
		2003035D1B31DE81003D55EA /* MyLabel.swift */ = {isa = PBXFileReference; fileEncoding = 4; lastKnownFileType = sourcecode.swift; path = MyLabel.swift; sourceTree = "<group>"; };
		2005AE561B34744200D1DA36 /* MyButtonsView.swift */ = {isa = PBXFileReference; fileEncoding = 4; lastKnownFileType = sourcecode.swift; path = MyButtonsView.swift; sourceTree = "<group>"; };
		200A756D1B306EA700FA596A /* JLines.app */ = {isa = PBXFileReference; explicitFileType = wrapper.application; includeInIndex = 0; path = JLines.app; sourceTree = BUILT_PRODUCTS_DIR; };
		200A75711B306EA700FA596A /* Info.plist */ = {isa = PBXFileReference; lastKnownFileType = text.plist.xml; path = Info.plist; sourceTree = "<group>"; };
		200A75721B306EA700FA596A /* AppDelegate.swift */ = {isa = PBXFileReference; lastKnownFileType = sourcecode.swift; path = AppDelegate.swift; sourceTree = "<group>"; };
		200A75751B306EA700FA596A /* JLines.xcdatamodel */ = {isa = PBXFileReference; lastKnownFileType = wrapper.xcdatamodel; path = JLines.xcdatamodel; sourceTree = "<group>"; };
		200A75771B306EA700FA596A /* ViewController.swift */ = {isa = PBXFileReference; lastKnownFileType = sourcecode.swift; path = ViewController.swift; sourceTree = "<group>"; };
		200A757A1B306EA700FA596A /* Base */ = {isa = PBXFileReference; lastKnownFileType = file.storyboard; name = Base; path = Base.lproj/Main.storyboard; sourceTree = "<group>"; };
		200A757C1B306EA700FA596A /* Images.xcassets */ = {isa = PBXFileReference; lastKnownFileType = folder.assetcatalog; path = Images.xcassets; sourceTree = "<group>"; };
		200A757F1B306EA700FA596A /* Base */ = {isa = PBXFileReference; lastKnownFileType = file.xib; name = Base; path = Base.lproj/LaunchScreen.xib; sourceTree = "<group>"; };
		200A75851B306EA700FA596A /* JLinesTests.xctest */ = {isa = PBXFileReference; explicitFileType = wrapper.cfbundle; includeInIndex = 0; path = JLinesTests.xctest; sourceTree = BUILT_PRODUCTS_DIR; };
		200A758A1B306EA700FA596A /* Info.plist */ = {isa = PBXFileReference; lastKnownFileType = text.plist.xml; path = Info.plist; sourceTree = "<group>"; };
		200A758B1B306EA700FA596A /* JLinesTests.swift */ = {isa = PBXFileReference; lastKnownFileType = sourcecode.swift; path = JLinesTests.swift; sourceTree = "<group>"; };
		200A75951B306FBE00FA596A /* MyButton.swift */ = {isa = PBXFileReference; fileEncoding = 4; lastKnownFileType = sourcecode.swift; path = MyButton.swift; sourceTree = "<group>"; };
		200A75971B30700900FA596A /* Extensions.swift */ = {isa = PBXFileReference; fileEncoding = 4; lastKnownFileType = sourcecode.swift; path = Extensions.swift; sourceTree = "<group>"; };
		200A75991B30703A00FA596A /* MyStructs.swift */ = {isa = PBXFileReference; fileEncoding = 4; lastKnownFileType = sourcecode.swift; path = MyStructs.swift; sourceTree = "<group>"; };
		200A759B1B3070D000FA596A /* SettingsViewController.swift */ = {isa = PBXFileReference; fileEncoding = 4; lastKnownFileType = sourcecode.swift; path = SettingsViewController.swift; sourceTree = "<group>"; };
		200A759F1B3074F300FA596A /* ChooseColorViewController.swift */ = {isa = PBXFileReference; fileEncoding = 4; lastKnownFileType = sourcecode.swift; path = ChooseColorViewController.swift; sourceTree = "<group>"; };
		200A75A11B30751C00FA596A /* Accelerometer.swift */ = {isa = PBXFileReference; fileEncoding = 4; lastKnownFileType = sourcecode.swift; path = Accelerometer.swift; sourceTree = "<group>"; };
		200A75A31B30752E00FA596A /* Line.swift */ = {isa = PBXFileReference; fileEncoding = 4; lastKnownFileType = sourcecode.swift; path = Line.swift; sourceTree = "<group>"; };
		200A75A51B30754200FA596A /* Package.swift */ = {isa = PBXFileReference; fileEncoding = 4; lastKnownFileType = sourcecode.swift; path = Package.swift; sourceTree = "<group>"; };
		200A75A71B30759800FA596A /* Language.swift */ = {isa = PBXFileReference; fileEncoding = 4; lastKnownFileType = sourcecode.swift; path = Language.swift; sourceTree = "<group>"; };
		200A75A91B3075AB00FA596A /* DataStore.swift */ = {isa = PBXFileReference; fileEncoding = 4; lastKnownFileType = sourcecode.swift; path = DataStore.swift; sourceTree = "<group>"; };
		200A75AB1B3075C500FA596A /* DrawImages.swift */ = {isa = PBXFileReference; fileEncoding = 4; lastKnownFileType = sourcecode.swift; path = DrawImages.swift; sourceTree = "<group>"; };
		200A75AD1B30762000FA596A /* GameStatus.swift */ = {isa = PBXFileReference; fileEncoding = 4; lastKnownFileType = sourcecode.swift; path = GameStatus.swift; sourceTree = "<group>"; };
		200A75B11B30768A00FA596A /* SwiftyJSON.swift */ = {isa = PBXFileReference; fileEncoding = 4; lastKnownFileType = sourcecode.swift; path = SwiftyJSON.swift; sourceTree = "<group>"; };
		200A75B31B3076CB00FA596A /* Point.swift */ = {isa = PBXFileReference; fileEncoding = 4; lastKnownFileType = sourcecode.swift; path = Point.swift; sourceTree = "<group>"; };
		200A75B51B3076EA00FA596A /* Array2D.swift */ = {isa = PBXFileReference; fileEncoding = 4; lastKnownFileType = sourcecode.swift; path = Array2D.swift; sourceTree = "<group>"; };
		200A75B81B30972400FA596A /* hu.json */ = {isa = PBXFileReference; fileEncoding = 4; lastKnownFileType = text.json; name = hu.json; path = "../../../XCODE Projekte/Code/Swift/JLinesV2/JLinesV2/hu.json"; sourceTree = "<group>"; };
		200A75B91B30972400FA596A /* ru.json */ = {isa = PBXFileReference; fileEncoding = 4; lastKnownFileType = text.json; name = ru.json; path = "../../../XCODE Projekte/Code/Swift/JLinesV2/JLinesV2/ru.json"; sourceTree = "<group>"; };
		200A75BA1B30972400FA596A /* de.json */ = {isa = PBXFileReference; fileEncoding = 4; lastKnownFileType = text.json; name = de.json; path = "../../../XCODE Projekte/Code/Swift/JLinesV2/JLinesV2/de.json"; sourceTree = "<group>"; };
		200A75BB1B30972400FA596A /* en.json */ = {isa = PBXFileReference; fileEncoding = 4; lastKnownFileType = text.json; name = en.json; path = "../../../XCODE Projekte/Code/Swift/JLinesV2/JLinesV2/en.json"; sourceTree = "<group>"; };
		200A75C01B309F0600FA596A /* PlayWithColorViewController.swift */ = {isa = PBXFileReference; fileEncoding = 4; lastKnownFileType = sourcecode.swift; path = PlayWithColorViewController.swift; sourceTree = "<group>"; };
		202CC60E1B4432310074D44A /* ChoosePlayViewController.swift */ = {isa = PBXFileReference; fileEncoding = 4; lastKnownFileType = sourcecode.swift; path = ChoosePlayViewController.swift; sourceTree = "<group>"; };
		202CC6101B4450890074D44A /* PlayWithPointsViewController.swift */ = {isa = PBXFileReference; fileEncoding = 4; lastKnownFileType = sourcecode.swift; path = PlayWithPointsViewController.swift; sourceTree = "<group>"; };
		206BDB851B49861C00F909CB /* MySprite.swift */ = {isa = PBXFileReference; fileEncoding = 4; lastKnownFileType = sourcecode.swift; path = MySprite.swift; sourceTree = "<group>"; };
		20DED7721B382D7C00B4F098 /* MyColorChooseView.swift */ = {isa = PBXFileReference; fileEncoding = 4; lastKnownFileType = sourcecode.swift; path = MyColorChooseView.swift; sourceTree = "<group>"; };
		20EF2A9E1B5CF8BC005FEFEB /* JLines.entitlements */ = {isa = PBXFileReference; lastKnownFileType = text.xml; path = JLines.entitlements; sourceTree = "<group>"; };
		20F813441B53D3CB0046463A /* GameScene.swift */ = {isa = PBXFileReference; fileEncoding = 4; lastKnownFileType = sourcecode.swift; path = GameScene.swift; sourceTree = "<group>"; };
		20F813461B53D3DA0046463A /* SKButton.swift */ = {isa = PBXFileReference; fileEncoding = 4; lastKnownFileType = sourcecode.swift; path = SKButton.swift; sourceTree = "<group>"; };
		20F813481B53D3E50046463A /* PlayWithSpritesViewController.swift */ = {isa = PBXFileReference; fileEncoding = 4; lastKnownFileType = sourcecode.swift; path = PlayWithSpritesViewController.swift; sourceTree = "<group>"; };
		20F8134A1B53F1F90046463A /* MySKNode.swift */ = {isa = PBXFileReference; fileEncoding = 4; lastKnownFileType = sourcecode.swift; path = MySKNode.swift; sourceTree = "<group>"; };
		20FB88751B57B139007843A2 /* LevelsForPlayWithSprites.json */ = {isa = PBXFileReference; lastKnownFileType = text.json; path = LevelsForPlayWithSprites.json; sourceTree = "<group>"; };
/* End PBXFileReference section */

/* Begin PBXFrameworksBuildPhase section */
		200A756A1B306EA700FA596A /* Frameworks */ = {
			isa = PBXFrameworksBuildPhase;
			buildActionMask = 2147483647;
			files = (
				2001B7E31B35A09B0029E2A6 /* CoreAudio.framework in Frameworks */,
			);
			runOnlyForDeploymentPostprocessing = 0;
		};
		200A75821B306EA700FA596A /* Frameworks */ = {
			isa = PBXFrameworksBuildPhase;
			buildActionMask = 2147483647;
			files = (
			);
			runOnlyForDeploymentPostprocessing = 0;
		};
/* End PBXFrameworksBuildPhase section */

/* Begin PBXGroup section */
		200A75641B306EA700FA596A = {
			isa = PBXGroup;
			children = (
				2001B7E21B35A09B0029E2A6 /* CoreAudio.framework */,
				200A756F1B306EA700FA596A /* JLines */,
				200A75881B306EA700FA596A /* JLinesTests */,
				200A756E1B306EA700FA596A /* Products */,
			);
			sourceTree = "<group>";
		};
		200A756E1B306EA700FA596A /* Products */ = {
			isa = PBXGroup;
			children = (
				200A756D1B306EA700FA596A /* JLines.app */,
				200A75851B306EA700FA596A /* JLinesTests.xctest */,
			);
			name = Products;
			sourceTree = "<group>";
		};
		200A756F1B306EA700FA596A /* JLines */ = {
			isa = PBXGroup;
			children = (
				20EF2A9E1B5CF8BC005FEFEB /* JLines.entitlements */,
				20002E361B40404B00F390A2 /* AppVariables.swift */,
				200A75721B306EA700FA596A /* AppDelegate.swift */,
				200A75741B306EA700FA596A /* JLines.xcdatamodeld */,
				200A75AD1B30762000FA596A /* GameStatus.swift */,
				200A75A91B3075AB00FA596A /* DataStore.swift */,
				200A75771B306EA700FA596A /* ViewController.swift */,
				202CC60E1B4432310074D44A /* ChoosePlayViewController.swift */,
				200A759B1B3070D000FA596A /* SettingsViewController.swift */,
				200A75C01B309F0600FA596A /* PlayWithColorViewController.swift */,
				202CC6101B4450890074D44A /* PlayWithPointsViewController.swift */,
				20F813481B53D3E50046463A /* PlayWithSpritesViewController.swift */,
				20F813441B53D3CB0046463A /* GameScene.swift */,
				20FB88751B57B139007843A2 /* LevelsForPlayWithSprites.json */,
				20F8134A1B53F1F90046463A /* MySKNode.swift */,
				20F813461B53D3DA0046463A /* SKButton.swift */,
				206BDB851B49861C00F909CB /* MySprite.swift */,
				200A759F1B3074F300FA596A /* ChooseColorViewController.swift */,
				20DED7721B382D7C00B4F098 /* MyColorChooseView.swift */,
				2001B7C81B359BD90029E2A6 /* PagedViewController.swift */,
				2001B7D61B359CC20029E2A6 /* JoyStick.swift */,
				2001B7CC1B359C420029E2A6 /* Game.swift */,
				2001B7D01B359C850029E2A6 /* GameBoard.swift */,
				2001B7D21B359C8D0029E2A6 /* GameBoardNew.swift */,
				2001B7CE1B359C610029E2A6 /* MyGameView.swift */,
				2001B7D41B359CAA0029E2A6 /* MyLayer.swift */,
				2003035D1B31DE81003D55EA /* MyLabel.swift */,
				200A75951B306FBE00FA596A /* MyButton.swift */,
				2005AE561B34744200D1DA36 /* MyButtonsView.swift */,
				200A75991B30703A00FA596A /* MyStructs.swift */,
				20002E311B403AC800F390A2 /* MyPlayground.playground */,
				2001B7CA1B359BF90029E2A6 /* MyScrollView.swift */,
				200A75A11B30751C00FA596A /* Accelerometer.swift */,
				200A75A31B30752E00FA596A /* Line.swift */,
				200A75B31B3076CB00FA596A /* Point.swift */,
				200A75AB1B3075C500FA596A /* DrawImages.swift */,
				200A75971B30700900FA596A /* Extensions.swift */,
				200A75A71B30759800FA596A /* Language.swift */,
				200A75B11B30768A00FA596A /* SwiftyJSON.swift */,
				200A75A51B30754200FA596A /* Package.swift */,
				200A75B51B3076EA00FA596A /* Array2D.swift */,
				200A75791B306EA700FA596A /* Main.storyboard */,
				200A757C1B306EA700FA596A /* Images.xcassets */,
				200A757E1B306EA700FA596A /* LaunchScreen.xib */,
				200A75701B306EA700FA596A /* Supporting Files */,
			);
			path = JLines;
			sourceTree = "<group>";
		};
		200A75701B306EA700FA596A /* Supporting Files */ = {
			isa = PBXGroup;
			children = (
				20DED76F1B36EB7B00B4F098 /* PlayFiles */,
				200A75B71B3096FD00FA596A /* Languages */,
				200A75711B306EA700FA596A /* Info.plist */,
			);
			name = "Supporting Files";
			sourceTree = "<group>";
		};
		200A75881B306EA700FA596A /* JLinesTests */ = {
			isa = PBXGroup;
			children = (
				200A758B1B306EA700FA596A /* JLinesTests.swift */,
				200A75891B306EA700FA596A /* Supporting Files */,
			);
			path = JLinesTests;
			sourceTree = "<group>";
		};
		200A75891B306EA700FA596A /* Supporting Files */ = {
			isa = PBXGroup;
			children = (
				200A758A1B306EA700FA596A /* Info.plist */,
			);
			name = "Supporting Files";
			sourceTree = "<group>";
		};
		200A75B71B3096FD00FA596A /* Languages */ = {
			isa = PBXGroup;
			children = (
				200A75B81B30972400FA596A /* hu.json */,
				200A75B91B30972400FA596A /* ru.json */,
				200A75BA1B30972400FA596A /* de.json */,
				200A75BB1B30972400FA596A /* en.json */,
			);
			name = Languages;
			sourceTree = "<group>";
		};
		20DED76F1B36EB7B00B4F098 /* PlayFiles */ = {
			isa = PBXGroup;
			children = (
				2001B7DE1B359D990029E2A6 /* GreenPack.json */,
				2001B7DC1B359D920029E2A6 /* BonusPack.json */,
				2001B7DA1B359D8C0029E2A6 /* RegularPack.json */,
				2001B7D81B359D820029E2A6 /* FirstPack.json */,
			);
			name = PlayFiles;
			sourceTree = "<group>";
		};
/* End PBXGroup section */

/* Begin PBXNativeTarget section */
		200A756C1B306EA700FA596A /* JLines */ = {
			isa = PBXNativeTarget;
			buildConfigurationList = 200A758F1B306EA700FA596A /* Build configuration list for PBXNativeTarget "JLines" */;
			buildPhases = (
				200A75691B306EA700FA596A /* Sources */,
				200A756A1B306EA700FA596A /* Frameworks */,
				200A756B1B306EA700FA596A /* Resources */,
			);
			buildRules = (
			);
			dependencies = (
			);
			name = JLines;
			productName = JLines;
			productReference = 200A756D1B306EA700FA596A /* JLines.app */;
			productType = "com.apple.product-type.application";
		};
		200A75841B306EA700FA596A /* JLinesTests */ = {
			isa = PBXNativeTarget;
			buildConfigurationList = 200A75921B306EA700FA596A /* Build configuration list for PBXNativeTarget "JLinesTests" */;
			buildPhases = (
				200A75811B306EA700FA596A /* Sources */,
				200A75821B306EA700FA596A /* Frameworks */,
				200A75831B306EA700FA596A /* Resources */,
			);
			buildRules = (
			);
			dependencies = (
				200A75871B306EA700FA596A /* PBXTargetDependency */,
			);
			name = JLinesTests;
			productName = JLinesTests;
			productReference = 200A75851B306EA700FA596A /* JLinesTests.xctest */;
			productType = "com.apple.product-type.bundle.unit-test";
		};
/* End PBXNativeTarget section */

/* Begin PBXProject section */
		200A75651B306EA700FA596A /* Project object */ = {
			isa = PBXProject;
			attributes = {
				LastUpgradeCheck = 0630;
				ORGANIZATIONNAME = "Jozsef Romhanyi";
				TargetAttributes = {
					200A756C1B306EA700FA596A = {
						CreatedOnToolsVersion = 6.3.2;
						DevelopmentTeam = WT499VC842;
						SystemCapabilities = {
							com.apple.iCloud = {
								enabled = 1;
							};
						};
					};
					200A75841B306EA700FA596A = {
						CreatedOnToolsVersion = 6.3.2;
						TestTargetID = 200A756C1B306EA700FA596A;
					};
				};
			};
			buildConfigurationList = 200A75681B306EA700FA596A /* Build configuration list for PBXProject "JLines" */;
			compatibilityVersion = "Xcode 3.2";
			developmentRegion = English;
			hasScannedForEncodings = 0;
			knownRegions = (
				en,
				Base,
			);
			mainGroup = 200A75641B306EA700FA596A;
			productRefGroup = 200A756E1B306EA700FA596A /* Products */;
			projectDirPath = "";
			projectRoot = "";
			targets = (
				200A756C1B306EA700FA596A /* JLines */,
				200A75841B306EA700FA596A /* JLinesTests */,
			);
		};
/* End PBXProject section */

/* Begin PBXResourcesBuildPhase section */
		200A756B1B306EA700FA596A /* Resources */ = {
			isa = PBXResourcesBuildPhase;
			buildActionMask = 2147483647;
			files = (
				20FB88761B57CB30007843A2 /* LevelsForPlayWithSprites.json in Resources */,
				200A75BE1B30972400FA596A /* de.json in Resources */,
				200A75BC1B30972400FA596A /* hu.json in Resources */,
				200A757B1B306EA700FA596A /* Main.storyboard in Resources */,
				200A75801B306EA700FA596A /* LaunchScreen.xib in Resources */,
				2001B7DD1B359D920029E2A6 /* BonusPack.json in Resources */,
				200A757D1B306EA700FA596A /* Images.xcassets in Resources */,
				2001B7D91B359D820029E2A6 /* FirstPack.json in Resources */,
				2001B7DB1B359D8C0029E2A6 /* RegularPack.json in Resources */,
				2001B7DF1B359D990029E2A6 /* GreenPack.json in Resources */,
				200A75BD1B30972400FA596A /* ru.json in Resources */,
				200A75BF1B30972400FA596A /* en.json in Resources */,
			);
			runOnlyForDeploymentPostprocessing = 0;
		};
		200A75831B306EA700FA596A /* Resources */ = {
			isa = PBXResourcesBuildPhase;
			buildActionMask = 2147483647;
			files = (
			);
			runOnlyForDeploymentPostprocessing = 0;
		};
/* End PBXResourcesBuildPhase section */

/* Begin PBXSourcesBuildPhase section */
		200A75691B306EA700FA596A /* Sources */ = {
			isa = PBXSourcesBuildPhase;
			buildActionMask = 2147483647;
			files = (
				2001B7D71B359CC20029E2A6 /* JoyStick.swift in Sources */,
				200A75C11B309F0600FA596A /* PlayWithColorViewController.swift in Sources */,
				200A75AA1B3075AB00FA596A /* DataStore.swift in Sources */,
				200A75A21B30751C00FA596A /* Accelerometer.swift in Sources */,
				2001B7D51B359CAA0029E2A6 /* MyLayer.swift in Sources */,
				20F813451B53D3CB0046463A /* GameScene.swift in Sources */,
				2001B7CF1B359C610029E2A6 /* MyGameView.swift in Sources */,
				20F813471B53D3DA0046463A /* SKButton.swift in Sources */,
				2001B7CD1B359C420029E2A6 /* Game.swift in Sources */,
				20F8134B1B53F1F90046463A /* MySKNode.swift in Sources */,
				20002E371B40404B00F390A2 /* AppVariables.swift in Sources */,
				202CC6111B4450890074D44A /* PlayWithPointsViewController.swift in Sources */,
				200A75B61B3076EA00FA596A /* Array2D.swift in Sources */,
				200A75981B30700900FA596A /* Extensions.swift in Sources */,
				200A75A01B3074F300FA596A /* ChooseColorViewController.swift in Sources */,
				200A75781B306EA700FA596A /* ViewController.swift in Sources */,
				200A759C1B3070D000FA596A /* SettingsViewController.swift in Sources */,
				200A759A1B30703A00FA596A /* MyStructs.swift in Sources */,
				200A75AE1B30762000FA596A /* GameStatus.swift in Sources */,
				202CC60F1B4432310074D44A /* ChoosePlayViewController.swift in Sources */,
				2003035E1B31DE81003D55EA /* MyLabel.swift in Sources */,
				200A75761B306EA700FA596A /* JLines.xcdatamodeld in Sources */,
				200A75731B306EA700FA596A /* AppDelegate.swift in Sources */,
				200A75961B306FBE00FA596A /* MyButton.swift in Sources */,
				20DED7731B382D7C00B4F098 /* MyColorChooseView.swift in Sources */,
				2001B7CB1B359BF90029E2A6 /* MyScrollView.swift in Sources */,
				2005AE571B34744200D1DA36 /* MyButtonsView.swift in Sources */,
				206BDB861B49861C00F909CB /* MySprite.swift in Sources */,
				200A75A81B30759800FA596A /* Language.swift in Sources */,
				200A75AC1B3075C500FA596A /* DrawImages.swift in Sources */,
				2001B7D31B359C8D0029E2A6 /* GameBoardNew.swift in Sources */,
				200A75B41B3076CB00FA596A /* Point.swift in Sources */,
				2001B7C91B359BD90029E2A6 /* PagedViewController.swift in Sources */,
				2001B7D11B359C850029E2A6 /* GameBoard.swift in Sources */,
				20F813491B53D3E50046463A /* PlayWithSpritesViewController.swift in Sources */,
				200A75B21B30768A00FA596A /* SwiftyJSON.swift in Sources */,
				200A75A61B30754200FA596A /* Package.swift in Sources */,
				200A75A41B30752E00FA596A /* Line.swift in Sources */,
			);
			runOnlyForDeploymentPostprocessing = 0;
		};
		200A75811B306EA700FA596A /* Sources */ = {
			isa = PBXSourcesBuildPhase;
			buildActionMask = 2147483647;
			files = (
				200A758C1B306EA700FA596A /* JLinesTests.swift in Sources */,
			);
			runOnlyForDeploymentPostprocessing = 0;
		};
/* End PBXSourcesBuildPhase section */

/* Begin PBXTargetDependency section */
		200A75871B306EA700FA596A /* PBXTargetDependency */ = {
			isa = PBXTargetDependency;
			target = 200A756C1B306EA700FA596A /* JLines */;
			targetProxy = 200A75861B306EA700FA596A /* PBXContainerItemProxy */;
		};
/* End PBXTargetDependency section */

/* Begin PBXVariantGroup section */
		200A75791B306EA700FA596A /* Main.storyboard */ = {
			isa = PBXVariantGroup;
			children = (
				200A757A1B306EA700FA596A /* Base */,
			);
			name = Main.storyboard;
			sourceTree = "<group>";
		};
		200A757E1B306EA700FA596A /* LaunchScreen.xib */ = {
			isa = PBXVariantGroup;
			children = (
				200A757F1B306EA700FA596A /* Base */,
			);
			name = LaunchScreen.xib;
			sourceTree = "<group>";
		};
/* End PBXVariantGroup section */

/* Begin XCBuildConfiguration section */
		200A758D1B306EA700FA596A /* Debug */ = {
			isa = XCBuildConfiguration;
			buildSettings = {
				ALWAYS_SEARCH_USER_PATHS = NO;
				CLANG_CXX_LANGUAGE_STANDARD = "gnu++0x";
				CLANG_CXX_LIBRARY = "libc++";
				CLANG_ENABLE_MODULES = YES;
				CLANG_ENABLE_OBJC_ARC = YES;
				CLANG_WARN_BOOL_CONVERSION = YES;
				CLANG_WARN_CONSTANT_CONVERSION = YES;
				CLANG_WARN_DIRECT_OBJC_ISA_USAGE = YES_ERROR;
				CLANG_WARN_EMPTY_BODY = YES;
				CLANG_WARN_ENUM_CONVERSION = YES;
				CLANG_WARN_INT_CONVERSION = YES;
				CLANG_WARN_OBJC_ROOT_CLASS = YES_ERROR;
				CLANG_WARN_UNREACHABLE_CODE = YES;
				CLANG_WARN__DUPLICATE_METHOD_MATCH = YES;
				"CODE_SIGN_IDENTITY[sdk=iphoneos*]" = "iPhone Developer";
				COPY_PHASE_STRIP = NO;
				DEBUG_INFORMATION_FORMAT = "dwarf-with-dsym";
				ENABLE_STRICT_OBJC_MSGSEND = YES;
				GCC_C_LANGUAGE_STANDARD = gnu99;
				GCC_DYNAMIC_NO_PIC = NO;
				GCC_NO_COMMON_BLOCKS = YES;
				GCC_OPTIMIZATION_LEVEL = 0;
				GCC_PREPROCESSOR_DEFINITIONS = (
					"DEBUG=1",
					"$(inherited)",
				);
				GCC_SYMBOLS_PRIVATE_EXTERN = NO;
				GCC_WARN_64_TO_32_BIT_CONVERSION = YES;
				GCC_WARN_ABOUT_RETURN_TYPE = YES_ERROR;
				GCC_WARN_UNDECLARED_SELECTOR = YES;
				GCC_WARN_UNINITIALIZED_AUTOS = YES_AGGRESSIVE;
				GCC_WARN_UNUSED_FUNCTION = YES;
				GCC_WARN_UNUSED_VARIABLE = YES;
				IPHONEOS_DEPLOYMENT_TARGET = 8.3;
				MTL_ENABLE_DEBUG_INFO = YES;
				ONLY_ACTIVE_ARCH = YES;
				SDKROOT = iphoneos;
				SWIFT_OPTIMIZATION_LEVEL = "-Onone";
			};
			name = Debug;
		};
		200A758E1B306EA700FA596A /* Release */ = {
			isa = XCBuildConfiguration;
			buildSettings = {
				ALWAYS_SEARCH_USER_PATHS = NO;
				CLANG_CXX_LANGUAGE_STANDARD = "gnu++0x";
				CLANG_CXX_LIBRARY = "libc++";
				CLANG_ENABLE_MODULES = YES;
				CLANG_ENABLE_OBJC_ARC = YES;
				CLANG_WARN_BOOL_CONVERSION = YES;
				CLANG_WARN_CONSTANT_CONVERSION = YES;
				CLANG_WARN_DIRECT_OBJC_ISA_USAGE = YES_ERROR;
				CLANG_WARN_EMPTY_BODY = YES;
				CLANG_WARN_ENUM_CONVERSION = YES;
				CLANG_WARN_INT_CONVERSION = YES;
				CLANG_WARN_OBJC_ROOT_CLASS = YES_ERROR;
				CLANG_WARN_UNREACHABLE_CODE = YES;
				CLANG_WARN__DUPLICATE_METHOD_MATCH = YES;
				"CODE_SIGN_IDENTITY[sdk=iphoneos*]" = "iPhone Developer";
				COPY_PHASE_STRIP = NO;
				DEBUG_INFORMATION_FORMAT = "dwarf-with-dsym";
				ENABLE_NS_ASSERTIONS = NO;
				ENABLE_STRICT_OBJC_MSGSEND = YES;
				GCC_C_LANGUAGE_STANDARD = gnu99;
				GCC_NO_COMMON_BLOCKS = YES;
				GCC_WARN_64_TO_32_BIT_CONVERSION = YES;
				GCC_WARN_ABOUT_RETURN_TYPE = YES_ERROR;
				GCC_WARN_UNDECLARED_SELECTOR = YES;
				GCC_WARN_UNINITIALIZED_AUTOS = YES_AGGRESSIVE;
				GCC_WARN_UNUSED_FUNCTION = YES;
				GCC_WARN_UNUSED_VARIABLE = YES;
				IPHONEOS_DEPLOYMENT_TARGET = 8.3;
				MTL_ENABLE_DEBUG_INFO = NO;
				SDKROOT = iphoneos;
				VALIDATE_PRODUCT = YES;
			};
			name = Release;
		};
		200A75901B306EA700FA596A /* Debug */ = {
			isa = XCBuildConfiguration;
			buildSettings = {
				ASSETCATALOG_COMPILER_APPICON_NAME = AppIcon;
				CODE_SIGN_ENTITLEMENTS = JLines/JLines.entitlements;
				CODE_SIGN_IDENTITY = "iPhone Developer";
				"CODE_SIGN_IDENTITY[sdk=iphoneos*]" = "iPhone Developer";
				INFOPLIST_FILE = JLines/Info.plist;
				LD_RUNPATH_SEARCH_PATHS = "$(inherited) @executable_path/Frameworks";
				PRODUCT_NAME = "$(TARGET_NAME)";
				PROVISIONING_PROFILE = "";
				TARGETED_DEVICE_FAMILY = "1,2";
			};
			name = Debug;
		};
		200A75911B306EA700FA596A /* Release */ = {
			isa = XCBuildConfiguration;
			buildSettings = {
				ASSETCATALOG_COMPILER_APPICON_NAME = AppIcon;
				CODE_SIGN_ENTITLEMENTS = JLines/JLines.entitlements;
				CODE_SIGN_IDENTITY = "iPhone Developer";
				"CODE_SIGN_IDENTITY[sdk=iphoneos*]" = "iPhone Developer";
				INFOPLIST_FILE = JLines/Info.plist;
				LD_RUNPATH_SEARCH_PATHS = "$(inherited) @executable_path/Frameworks";
				PRODUCT_NAME = "$(TARGET_NAME)";
				PROVISIONING_PROFILE = "";
				TARGETED_DEVICE_FAMILY = "1,2";
			};
			name = Release;
		};
		200A75931B306EA700FA596A /* Debug */ = {
			isa = XCBuildConfiguration;
			buildSettings = {
				BUNDLE_LOADER = "$(TEST_HOST)";
				FRAMEWORK_SEARCH_PATHS = (
					"$(SDKROOT)/Developer/Library/Frameworks",
					"$(inherited)",
				);
				GCC_PREPROCESSOR_DEFINITIONS = (
					"DEBUG=1",
					"$(inherited)",
				);
				INFOPLIST_FILE = JLinesTests/Info.plist;
				LD_RUNPATH_SEARCH_PATHS = "$(inherited) @executable_path/Frameworks @loader_path/Frameworks";
				PRODUCT_NAME = "$(TARGET_NAME)";
				TEST_HOST = "$(BUILT_PRODUCTS_DIR)/JLines.app/JLines";
			};
			name = Debug;
		};
		200A75941B306EA700FA596A /* Release */ = {
			isa = XCBuildConfiguration;
			buildSettings = {
				BUNDLE_LOADER = "$(TEST_HOST)";
				FRAMEWORK_SEARCH_PATHS = (
					"$(SDKROOT)/Developer/Library/Frameworks",
					"$(inherited)",
				);
				INFOPLIST_FILE = JLinesTests/Info.plist;
				LD_RUNPATH_SEARCH_PATHS = "$(inherited) @executable_path/Frameworks @loader_path/Frameworks";
				PRODUCT_NAME = "$(TARGET_NAME)";
				TEST_HOST = "$(BUILT_PRODUCTS_DIR)/JLines.app/JLines";
			};
			name = Release;
		};
/* End XCBuildConfiguration section */

/* Begin XCConfigurationList section */
		200A75681B306EA700FA596A /* Build configuration list for PBXProject "JLines" */ = {
			isa = XCConfigurationList;
			buildConfigurations = (
				200A758D1B306EA700FA596A /* Debug */,
				200A758E1B306EA700FA596A /* Release */,
			);
			defaultConfigurationIsVisible = 0;
			defaultConfigurationName = Release;
		};
		200A758F1B306EA700FA596A /* Build configuration list for PBXNativeTarget "JLines" */ = {
			isa = XCConfigurationList;
			buildConfigurations = (
				200A75901B306EA700FA596A /* Debug */,
				200A75911B306EA700FA596A /* Release */,
			);
			defaultConfigurationIsVisible = 0;
			defaultConfigurationName = Release;
		};
		200A75921B306EA700FA596A /* Build configuration list for PBXNativeTarget "JLinesTests" */ = {
			isa = XCConfigurationList;
			buildConfigurations = (
				200A75931B306EA700FA596A /* Debug */,
				200A75941B306EA700FA596A /* Release */,
			);
			defaultConfigurationIsVisible = 0;
			defaultConfigurationName = Release;
		};
/* End XCConfigurationList section */

/* Begin XCVersionGroup section */
		200A75741B306EA700FA596A /* JLines.xcdatamodeld */ = {
			isa = XCVersionGroup;
			children = (
				200A75751B306EA700FA596A /* JLines.xcdatamodel */,
			);
			currentVersion = 200A75751B306EA700FA596A /* JLines.xcdatamodel */;
			path = JLines.xcdatamodeld;
			sourceTree = "<group>";
			versionGroupType = wrapper.xcdatamodel;
		};
/* End XCVersionGroup section */
	};
	rootObject = 200A75651B306EA700FA596A /* Project object */;
}
